
Microsoft Visual Studio Solution File, Format Version 12.00
# Visual Studio Version 17
VisualStudioVersion = 17.11.35222.181
MinimumVisualStudioVersion = 10.0.40219.1
Project("{FAE04EC0-301F-11D3-BF4B-00C04F79EFBC}") = "FilmowaLab4", "FilmowaLab4\FilmowaLab4.csproj", "{CFA1976F-5F6A-4BB5-98E1-3624B9C9631D}"
EndProject
Global
	GlobalSection(SolutionConfigurationPlatforms) = preSolution
		Debug|Any CPU = Debug|Any CPU
		Release|Any CPU = Release|Any CPU
	EndGlobalSection
	GlobalSection(ProjectConfigurationPlatforms) = postSolution
		{CFA1976F-5F6A-4BB5-98E1-3624B9C9631D}.Debug|Any CPU.ActiveCfg = Debug|Any CPU
		{CFA1976F-5F6A-4BB5-98E1-3624B9C9631D}.Debug|Any CPU.Build.0 = Debug|Any CPU
		{CFA1976F-5F6A-4BB5-98E1-3624B9C9631D}.Release|Any CPU.ActiveCfg = Release|Any CPU
		{CFA1976F-5F6A-4BB5-98E1-3624B9C9631D}.Release|Any CPU.Build.0 = Release|Any CPU
	EndGlobalSection
	GlobalSection(SolutionProperties) = preSolution
		HideSolutionNode = FALSE
	EndGlobalSection
	GlobalSection(ExtensibilityGlobals) = postSolution
		SolutionGuid = {6D553292-388E-4925-BA3D-35E81AA43D24}
	EndGlobalSection
EndGlobal
